// !$*UTF8*$!
{
	archiveVersion = 1;
	classes = {
	};
	objectVersion = 56;
	objects = {

/* Begin PBXBuildFile section */
		5B215F122BE6FC4A00F26C72 /* ToDoDetailTableTableViewController.swift in Sources */ = {isa = PBXBuildFile; fileRef = 5B215F112BE6FC4A00F26C72 /* ToDoDetailTableTableViewController.swift */; };
		5BD0A9142BE06E51008876D1 /* AppDelegate.swift in Sources */ = {isa = PBXBuildFile; fileRef = 5BD0A9132BE06E51008876D1 /* AppDelegate.swift */; };
		5BD0A9162BE06E51008876D1 /* SceneDelegate.swift in Sources */ = {isa = PBXBuildFile; fileRef = 5BD0A9152BE06E51008876D1 /* SceneDelegate.swift */; };
		5BD0A9182BE06E51008876D1 /* ViewController.swift in Sources */ = {isa = PBXBuildFile; fileRef = 5BD0A9172BE06E51008876D1 /* ViewController.swift */; };
		5BD0A91B2BE06E51008876D1 /* Main.storyboard in Resources */ = {isa = PBXBuildFile; fileRef = 5BD0A9192BE06E51008876D1 /* Main.storyboard */; };
		5BD0A91D2BE06E52008876D1 /* Assets.xcassets in Resources */ = {isa = PBXBuildFile; fileRef = 5BD0A91C2BE06E52008876D1 /* Assets.xcassets */; };
		5BD0A9202BE06E52008876D1 /* LaunchScreen.storyboard in Resources */ = {isa = PBXBuildFile; fileRef = 5BD0A91E2BE06E52008876D1 /* LaunchScreen.storyboard */; };
		5BD0A9282BE07028008876D1 /* ToDo.swift in Sources */ = {isa = PBXBuildFile; fileRef = 5BD0A9272BE07028008876D1 /* ToDo.swift */; };
		5BD0A92A2BE0740F008876D1 /* ToDoViewController.swift in Sources */ = {isa = PBXBuildFile; fileRef = 5BD0A9292BE0740F008876D1 /* ToDoViewController.swift */; };
		F1E7108B2BE9C0490087C1C6 /* ToDoCell.swift in Sources */ = {isa = PBXBuildFile; fileRef = F1E7108A2BE9C0490087C1C6 /* ToDoCell.swift */; };
/* End PBXBuildFile section */

/* Begin PBXFileReference section */
		5B215F112BE6FC4A00F26C72 /* ToDoDetailTableTableViewController.swift */ = {isa = PBXFileReference; lastKnownFileType = sourcecode.swift; path = ToDoDetailTableTableViewController.swift; sourceTree = "<group>"; };
		5BD0A9102BE06E51008876D1 /* evidencia3.app */ = {isa = PBXFileReference; explicitFileType = wrapper.application; includeInIndex = 0; path = evidencia3.app; sourceTree = BUILT_PRODUCTS_DIR; };
		5BD0A9132BE06E51008876D1 /* AppDelegate.swift */ = {isa = PBXFileReference; lastKnownFileType = sourcecode.swift; path = AppDelegate.swift; sourceTree = "<group>"; };
		5BD0A9152BE06E51008876D1 /* SceneDelegate.swift */ = {isa = PBXFileReference; lastKnownFileType = sourcecode.swift; path = SceneDelegate.swift; sourceTree = "<group>"; };
		5BD0A9172BE06E51008876D1 /* ViewController.swift */ = {isa = PBXFileReference; lastKnownFileType = sourcecode.swift; path = ViewController.swift; sourceTree = "<group>"; };
		5BD0A91A2BE06E51008876D1 /* Base */ = {isa = PBXFileReference; lastKnownFileType = file.storyboard; name = Base; path = Base.lproj/Main.storyboard; sourceTree = "<group>"; };
		5BD0A91C2BE06E52008876D1 /* Assets.xcassets */ = {isa = PBXFileReference; lastKnownFileType = folder.assetcatalog; path = Assets.xcassets; sourceTree = "<group>"; };
		5BD0A91F2BE06E52008876D1 /* Base */ = {isa = PBXFileReference; lastKnownFileType = file.storyboard; name = Base; path = Base.lproj/LaunchScreen.storyboard; sourceTree = "<group>"; };
		5BD0A9212BE06E52008876D1 /* Info.plist */ = {isa = PBXFileReference; lastKnownFileType = text.plist.xml; path = Info.plist; sourceTree = "<group>"; };
		5BD0A9272BE07028008876D1 /* ToDo.swift */ = {isa = PBXFileReference; lastKnownFileType = sourcecode.swift; path = ToDo.swift; sourceTree = "<group>"; };
		5BD0A9292BE0740F008876D1 /* ToDoViewController.swift */ = {isa = PBXFileReference; lastKnownFileType = sourcecode.swift; path = ToDoViewController.swift; sourceTree = "<group>"; };
		F1E7108A2BE9C0490087C1C6 /* ToDoCell.swift */ = {isa = PBXFileReference; lastKnownFileType = sourcecode.swift; path = ToDoCell.swift; sourceTree = "<group>"; };
/* End PBXFileReference section */

/* Begin PBXFrameworksBuildPhase section */
		5BD0A90D2BE06E51008876D1 /* Frameworks */ = {
			isa = PBXFrameworksBuildPhase;
			buildActionMask = 2147483647;
			files = (
			);
			runOnlyForDeploymentPostprocessing = 0;
		};
/* End PBXFrameworksBuildPhase section */

/* Begin PBXGroup section */
		5BD0A9072BE06E51008876D1 = {
			isa = PBXGroup;
			children = (
				5BD0A9122BE06E51008876D1 /* evidencia3 */,
				5BD0A9112BE06E51008876D1 /* Products */,
			);
			sourceTree = "<group>";
		};
		5BD0A9112BE06E51008876D1 /* Products */ = {
			isa = PBXGroup;
			children = (
				5BD0A9102BE06E51008876D1 /* evidencia3.app */,
			);
			name = Products;
			sourceTree = "<group>";
		};
		5BD0A9122BE06E51008876D1 /* evidencia3 */ = {
			isa = PBXGroup;
			children = (
				5BD0A9132BE06E51008876D1 /* AppDelegate.swift */,
				5BD0A9152BE06E51008876D1 /* SceneDelegate.swift */,
				5BD0A9172BE06E51008876D1 /* ViewController.swift */,
				5BD0A9192BE06E51008876D1 /* Main.storyboard */,
				F1E7108A2BE9C0490087C1C6 /* ToDoCell.swift */,
				5B215F112BE6FC4A00F26C72 /* ToDoDetailTableTableViewController.swift */,
				5BD0A9292BE0740F008876D1 /* ToDoViewController.swift */,
				5BD0A9272BE07028008876D1 /* ToDo.swift */,
				5BD0A91C2BE06E52008876D1 /* Assets.xcassets */,
				5BD0A91E2BE06E52008876D1 /* LaunchScreen.storyboard */,
				5BD0A9212BE06E52008876D1 /* Info.plist */,
			);
			path = evidencia3;
			sourceTree = "<group>";
		};
/* End PBXGroup section */

/* Begin PBXNativeTarget section */
		5BD0A90F2BE06E51008876D1 /* evidencia3 */ = {
			isa = PBXNativeTarget;
			buildConfigurationList = 5BD0A9242BE06E52008876D1 /* Build configuration list for PBXNativeTarget "evidencia3" */;
			buildPhases = (
				5BD0A90C2BE06E51008876D1 /* Sources */,
				5BD0A90D2BE06E51008876D1 /* Frameworks */,
				5BD0A90E2BE06E51008876D1 /* Resources */,
			);
			buildRules = (
			);
			dependencies = (
			);
			name = evidencia3;
			productName = evidencia3;
			productReference = 5BD0A9102BE06E51008876D1 /* evidencia3.app */;
			productType = "com.apple.product-type.application";
		};
/* End PBXNativeTarget section */

/* Begin PBXProject section */
		5BD0A9082BE06E51008876D1 /* Project object */ = {
			isa = PBXProject;
			attributes = {
				BuildIndependentTargetsInParallel = 1;
				LastSwiftUpdateCheck = 1520;
				LastUpgradeCheck = 1520;
				TargetAttributes = {
					5BD0A90F2BE06E51008876D1 = {
						CreatedOnToolsVersion = 15.2;
					};
				};
			};
			buildConfigurationList = 5BD0A90B2BE06E51008876D1 /* Build configuration list for PBXProject "evidencia3" */;
			compatibilityVersion = "Xcode 14.0";
			developmentRegion = en;
			hasScannedForEncodings = 0;
			knownRegions = (
				en,
				Base,
			);
			mainGroup = 5BD0A9072BE06E51008876D1;
			productRefGroup = 5BD0A9112BE06E51008876D1 /* Products */;
			projectDirPath = "";
			projectRoot = "";
			targets = (
				5BD0A90F2BE06E51008876D1 /* evidencia3 */,
			);
		};
/* End PBXProject section */

/* Begin PBXResourcesBuildPhase section */
		5BD0A90E2BE06E51008876D1 /* Resources */ = {
			isa = PBXResourcesBuildPhase;
			buildActionMask = 2147483647;
			files = (
				5BD0A9202BE06E52008876D1 /* LaunchScreen.storyboard in Resources */,
				5BD0A91D2BE06E52008876D1 /* Assets.xcassets in Resources */,
				5BD0A91B2BE06E51008876D1 /* Main.storyboard in Resources */,
			);
			runOnlyForDeploymentPostprocessing = 0;
		};
/* End PBXResourcesBuildPhase section */

/* Begin PBXSourcesBuildPhase section */
		5BD0A90C2BE06E51008876D1 /* Sources */ = {
			isa = PBXSourcesBuildPhase;
			buildActionMask = 2147483647;
			files = (
				5BD0A9282BE07028008876D1 /* ToDo.swift in Sources */,
				5BD0A9182BE06E51008876D1 /* ViewController.swift in Sources */,
				F1E7108B2BE9C0490087C1C6 /* ToDoCell.swift in Sources */,
				5BD0A9142BE06E51008876D1 /* AppDelegate.swift in Sources */,
				5BD0A92A2BE0740F008876D1 /* ToDoViewController.swift in Sources */,
				5BD0A9162BE06E51008876D1 /* SceneDelegate.swift in Sources */,
				5B215F122BE6FC4A00F26C72 /* ToDoDetailTableTableViewController.swift in Sources */,
			);
			runOnlyForDeploymentPostprocessing = 0;
		};
/* End PBXSourcesBuildPhase section */

/* Begin PBXVariantGroup section */
		5BD0A9192BE06E51008876D1 /* Main.storyboard */ = {
			isa = PBXVariantGroup;
			children = (
				5BD0A91A2BE06E51008876D1 /* Base */,
			);
			name = Main.storyboard;
			sourceTree = "<group>";
		};
		5BD0A91E2BE06E52008876D1 /* LaunchScreen.storyboard */ = {
			isa = PBXVariantGroup;
			children = (
				5BD0A91F2BE06E52008876D1 /* Base */,
			);
			name = LaunchScreen.storyboard;
			sourceTree = "<group>";
		};
/* End PBXVariantGroup section */

/* Begin XCBuildConfiguration section */
		5BD0A9222BE06E52008876D1 /* Debug */ = {
			isa = XCBuildConfiguration;
			buildSettings = {
				ALWAYS_SEARCH_USER_PATHS = NO;
				ASSETCATALOG_COMPILER_GENERATE_SWIFT_ASSET_SYMBOL_EXTENSIONS = YES;
				CLANG_ANALYZER_NONNULL = YES;
				CLANG_ANALYZER_NUMBER_OBJECT_CONVERSION = YES_AGGRESSIVE;
				CLANG_CXX_LANGUAGE_STANDARD = "gnu++20";
				CLANG_ENABLE_MODULES = YES;
				CLANG_ENABLE_OBJC_ARC = YES;
				CLANG_ENABLE_OBJC_WEAK = YES;
				CLANG_WARN_BLOCK_CAPTURE_AUTORELEASING = YES;
				CLANG_WARN_BOOL_CONVERSION = YES;
				CLANG_WARN_COMMA = YES;
				CLANG_WARN_CONSTANT_CONVERSION = YES;
				CLANG_WARN_DEPRECATED_OBJC_IMPLEMENTATIONS = YES;
				CLANG_WARN_DIRECT_OBJC_ISA_USAGE = YES_ERROR;
				CLANG_WARN_DOCUMENTATION_COMMENTS = YES;
				CLANG_WARN_EMPTY_BODY = YES;
				CLANG_WARN_ENUM_CONVERSION = YES;
				CLANG_WARN_INFINITE_RECURSION = YES;
				CLANG_WARN_INT_CONVERSION = YES;
				CLANG_WARN_NON_LITERAL_NULL_CONVERSION = YES;
				CLANG_WARN_OBJC_IMPLICIT_RETAIN_SELF = YES;
				CLANG_WARN_OBJC_LITERAL_CONVERSION = YES;
				CLANG_WARN_OBJC_ROOT_CLASS = YES_ERROR;
				CLANG_WARN_QUOTED_INCLUDE_IN_FRAMEWORK_HEADER = YES;
				CLANG_WARN_RANGE_LOOP_ANALYSIS = YES;
				CLANG_WARN_STRICT_PROTOTYPES = YES;
				CLANG_WARN_SUSPICIOUS_MOVE = YES;
				CLANG_WARN_UNGUARDED_AVAILABILITY = YES_AGGRESSIVE;
				CLANG_WARN_UNREACHABLE_CODE = YES;
				CLANG_WARN__DUPLICATE_METHOD_MATCH = YES;
				COPY_PHASE_STRIP = NO;
				DEBUG_INFORMATION_FORMAT = dwarf;
				ENABLE_STRICT_OBJC_MSGSEND = YES;
				ENABLE_TESTABILITY = YES;
				ENABLE_USER_SCRIPT_SANDBOXING = YES;
				GCC_C_LANGUAGE_STANDARD = gnu17;
				GCC_DYNAMIC_NO_PIC = NO;
				GCC_NO_COMMON_BLOCKS = YES;
				GCC_OPTIMIZATION_LEVEL = 0;
				GCC_PREPROCESSOR_DEFINITIONS = (
					"DEBUG=1",
					"$(inherited)",
				);
				GCC_WARN_64_TO_32_BIT_CONVERSION = YES;
				GCC_WARN_ABOUT_RETURN_TYPE = YES_ERROR;
				GCC_WARN_UNDECLARED_SELECTOR = YES;
				GCC_WARN_UNINITIALIZED_AUTOS = YES_AGGRESSIVE;
				GCC_WARN_UNUSED_FUNCTION = YES;
				GCC_WARN_UNUSED_VARIABLE = YES;
				IPHONEOS_DEPLOYMENT_TARGET = 17.2;
				LOCALIZATION_PREFERS_STRING_CATALOGS = YES;
				MTL_ENABLE_DEBUG_INFO = INCLUDE_SOURCE;
				MTL_FAST_MATH = YES;
				ONLY_ACTIVE_ARCH = YES;
				SDKROOT = iphoneos;
				SWIFT_ACTIVE_COMPILATION_CONDITIONS = "DEBUG $(inherited)";
				SWIFT_OPTIMIZATION_LEVEL = "-Onone";
			};
			name = Debug;
		};
		5BD0A9232BE06E52008876D1 /* Release */ = {
			isa = XCBuildConfiguration;
			buildSettings = {
				ALWAYS_SEARCH_USER_PATHS = NO;
				ASSETCATALOG_COMPILER_GENERATE_SWIFT_ASSET_SYMBOL_EXTENSIONS = YES;
				CLANG_ANALYZER_NONNULL = YES;
				CLANG_ANALYZER_NUMBER_OBJECT_CONVERSION = YES_AGGRESSIVE;
				CLANG_CXX_LANGUAGE_STANDARD = "gnu++20";
				CLANG_ENABLE_MODULES = YES;
				CLANG_ENABLE_OBJC_ARC = YES;
				CLANG_ENABLE_OBJC_WEAK = YES;
				CLANG_WARN_BLOCK_CAPTURE_AUTORELEASING = YES;
				CLANG_WARN_BOOL_CONVERSION = YES;
				CLANG_WARN_COMMA = YES;
				CLANG_WARN_CONSTANT_CONVERSION = YES;
				CLANG_WARN_DEPRECATED_OBJC_IMPLEMENTATIONS = YES;
				CLANG_WARN_DIRECT_OBJC_ISA_USAGE = YES_ERROR;
				CLANG_WARN_DOCUMENTATION_COMMENTS = YES;
				CLANG_WARN_EMPTY_BODY = YES;
				CLANG_WARN_ENUM_CONVERSION = YES;
				CLANG_WARN_INFINITE_RECURSION = YES;
				CLANG_WARN_INT_CONVERSION = YES;
				CLANG_WARN_NON_LITERAL_NULL_CONVERSION = YES;
				CLANG_WARN_OBJC_IMPLICIT_RETAIN_SELF = YES;
				CLANG_WARN_OBJC_LITERAL_CONVERSION = YES;
				CLANG_WARN_OBJC_ROOT_CLASS = YES_ERROR;
				CLANG_WARN_QUOTED_INCLUDE_IN_FRAMEWORK_HEADER = YES;
				CLANG_WARN_RANGE_LOOP_ANALYSIS = YES;
				CLANG_WARN_STRICT_PROTOTYPES = YES;
				CLANG_WARN_SUSPICIOUS_MOVE = YES;
				CLANG_WARN_UNGUARDED_AVAILABILITY = YES_AGGRESSIVE;
				CLANG_WARN_UNREACHABLE_CODE = YES;
				CLANG_WARN__DUPLICATE_METHOD_MATCH = YES;
				COPY_PHASE_STRIP = NO;
				DEBUG_INFORMATION_FORMAT = "dwarf-with-dsym";
				ENABLE_NS_ASSERTIONS = NO;
				ENABLE_STRICT_OBJC_MSGSEND = YES;
				ENABLE_USER_SCRIPT_SANDBOXING = YES;
				GCC_C_LANGUAGE_STANDARD = gnu17;
				GCC_NO_COMMON_BLOCKS = YES;
				GCC_WARN_64_TO_32_BIT_CONVERSION = YES;
				GCC_WARN_ABOUT_RETURN_TYPE = YES_ERROR;
				GCC_WARN_UNDECLARED_SELECTOR = YES;
				GCC_WARN_UNINITIALIZED_AUTOS = YES_AGGRESSIVE;
				GCC_WARN_UNUSED_FUNCTION = YES;
				GCC_WARN_UNUSED_VARIABLE = YES;
				IPHONEOS_DEPLOYMENT_TARGET = 17.2;
				LOCALIZATION_PREFERS_STRING_CATALOGS = YES;
				MTL_ENABLE_DEBUG_INFO = NO;
				MTL_FAST_MATH = YES;
				SDKROOT = iphoneos;
				SWIFT_COMPILATION_MODE = wholemodule;
				VALIDATE_PRODUCT = YES;
			};
			name = Release;
		};
		5BD0A9252BE06E52008876D1 /* Debug */ = {
			isa = XCBuildConfiguration;
			buildSettings = {
				ASSETCATALOG_COMPILER_APPICON_NAME = AppIcon;
				ASSETCATALOG_COMPILER_GLOBAL_ACCENT_COLOR_NAME = AccentColor;
				CODE_SIGN_STYLE = Automatic;
				CURRENT_PROJECT_VERSION = 1;
				GENERATE_INFOPLIST_FILE = YES;
				INFOPLIST_FILE = evidencia3/Info.plist;
				INFOPLIST_KEY_UIApplicationSupportsIndirectInputEvents = YES;
				INFOPLIST_KEY_UILaunchStoryboardName = LaunchScreen;
				INFOPLIST_KEY_UIMainStoryboardFile = Main;
				INFOPLIST_KEY_UISupportedInterfaceOrientations_iPad = "UIInterfaceOrientationPortrait UIInterfaceOrientationPortraitUpsideDown UIInterfaceOrientationLandscapeLeft UIInterfaceOrientationLandscapeRight";
				INFOPLIST_KEY_UISupportedInterfaceOrientations_iPhone = "UIInterfaceOrientationPortrait UIInterfaceOrientationLandscapeLeft UIInterfaceOrientationLandscapeRight";
				LD_RUNPATH_SEARCH_PATHS = (
					"$(inherited)",
					"@executable_path/Frameworks",
				);
				MARKETING_VERSION = 1.0;
				PRODUCT_BUNDLE_IDENTIFIER = a.evidencia3;
				PRODUCT_NAME = "$(TARGET_NAME)";
				SWIFT_EMIT_LOC_STRINGS = YES;
				SWIFT_VERSION = 5.0;
				TARGETED_DEVICE_FAMILY = "1,2";
			};
			name = Debug;
		};
		5BD0A9262BE06E52008876D1 /* Release */ = {
			isa = XCBuildConfiguration;
			buildSettings = {
				ASSETCATALOG_COMPILER_APPICON_NAME = AppIcon;
				ASSETCATALOG_COMPILER_GLOBAL_ACCENT_COLOR_NAME = AccentColor;
				CODE_SIGN_STYLE = Automatic;
				CURRENT_PROJECT_VERSION = 1;
				GENERATE_INFOPLIST_FILE = YES;
				INFOPLIST_FILE = evidencia3/Info.plist;
				INFOPLIST_KEY_UIApplicationSupportsIndirectInputEvents = YES;
				INFOPLIST_KEY_UILaunchStoryboardName = LaunchScreen;
				INFOPLIST_KEY_UIMainStoryboardFile = Main;
				INFOPLIST_KEY_UISupportedInterfaceOrientations_iPad = "UIInterfaceOrientationPortrait UIInterfaceOrientationPortraitUpsideDown UIInterfaceOrientationLandscapeLeft UIInterfaceOrientationLandscapeRight";
				INFOPLIST_KEY_UISupportedInterfaceOrientations_iPhone = "UIInterfaceOrientationPortrait UIInterfaceOrientationLandscapeLeft UIInterfaceOrientationLandscapeRight";
				LD_RUNPATH_SEARCH_PATHS = (
					"$(inherited)",
					"@executable_path/Frameworks",
				);
				MARKETING_VERSION = 1.0;
				PRODUCT_BUNDLE_IDENTIFIER = a.evidencia3;
				PRODUCT_NAME = "$(TARGET_NAME)";
				SWIFT_EMIT_LOC_STRINGS = YES;
				SWIFT_VERSION = 5.0;
				TARGETED_DEVICE_FAMILY = "1,2";
			};
			name = Release;
		};
/* End XCBuildConfiguration section */

/* Begin XCConfigurationList section */
		5BD0A90B2BE06E51008876D1 /* Build configuration list for PBXProject "evidencia3" */ = {
			isa = XCConfigurationList;
			buildConfigurations = (
				5BD0A9222BE06E52008876D1 /* Debug */,
				5BD0A9232BE06E52008876D1 /* Release */,
			);
			defaultConfigurationIsVisible = 0;
			defaultConfigurationName = Release;
		};
		5BD0A9242BE06E52008876D1 /* Build configuration list for PBXNativeTarget "evidencia3" */ = {
			isa = XCConfigurationList;
			buildConfigurations = (
				5BD0A9252BE06E52008876D1 /* Debug */,
				5BD0A9262BE06E52008876D1 /* Release */,
			);
			defaultConfigurationIsVisible = 0;
			defaultConfigurationName = Release;
		};
/* End XCConfigurationList section */
	};
	rootObject = 5BD0A9082BE06E51008876D1 /* Project object */;
}
